
Microsoft Visual Studio Solution File, Format Version 12.00
# Visual Studio Version 16
VisualStudioVersion = 16.0.29613.14
MinimumVisualStudioVersion = 10.0.40219.1
Project("{9A19103F-16F7-4668-BE54-9A1E7A4F7556}") = "BandBooker", "BandBooker.csproj", "{AC1AEF0B-3F35-49D5-A3DA-89444C72FEF0}"
EndProject
Project("{9A19103F-16F7-4668-BE54-9A1E7A4F7556}") = "BandBookerData", "..\BandBookerData\BandBookerData.csproj", "{78CF1822-0579-4AFF-AA3A-461CE01BB631}"
EndProject
Global
	GlobalSection(SolutionConfigurationPlatforms) = preSolution
		Debug|Any CPU = Debug|Any CPU
		Release|Any CPU = Release|Any CPU
	EndGlobalSection
	GlobalSection(ProjectConfigurationPlatforms) = postSolution
		{AC1AEF0B-3F35-49D5-A3DA-89444C72FEF0}.Debug|Any CPU.ActiveCfg = Debug|Any CPU
		{AC1AEF0B-3F35-49D5-A3DA-89444C72FEF0}.Debug|Any CPU.Build.0 = Debug|Any CPU
		{AC1AEF0B-3F35-49D5-A3DA-89444C72FEF0}.Release|Any CPU.ActiveCfg = Release|Any CPU
		{AC1AEF0B-3F35-49D5-A3DA-89444C72FEF0}.Release|Any CPU.Build.0 = Release|Any CPU
		{78CF1822-0579-4AFF-AA3A-461CE01BB631}.Debug|Any CPU.ActiveCfg = Debug|Any CPU
		{78CF1822-0579-4AFF-AA3A-461CE01BB631}.Debug|Any CPU.Build.0 = Debug|Any CPU
		{78CF1822-0579-4AFF-AA3A-461CE01BB631}.Release|Any CPU.ActiveCfg = Release|Any CPU
		{78CF1822-0579-4AFF-AA3A-461CE01BB631}.Release|Any CPU.Build.0 = Release|Any CPU
	EndGlobalSection
	GlobalSection(SolutionProperties) = preSolution
		HideSolutionNode = FALSE
	EndGlobalSection
	GlobalSection(ExtensibilityGlobals) = postSolution
		SolutionGuid = {84E5F659-06C3-40CE-BB6B-446C6BD2FE12}
	EndGlobalSection
EndGlobal
